
Microsoft Visual Studio Solution File, Format Version 12.00
# Visual Studio 14
VisualStudioVersion = 14.0.23107.0
MinimumVisualStudioVersion = 10.0.40219.1
Project("{FAE04EC0-301F-11D3-BF4B-00C04F79EFBC}") = "Easyworld", "Easyworld\Easyworld.csproj", "{BEB08765-7B13-438D-A080-25A48D7ADCEA}"
EndProject
Global
	GlobalSection(SolutionConfigurationPlatforms) = preSolution
		Debug|Any CPU = Debug|Any CPU
		Release|Any CPU = Release|Any CPU
	EndGlobalSection
	GlobalSection(ProjectConfigurationPlatforms) = postSolution
		{BEB08765-7B13-438D-A080-25A48D7ADCEA}.Debug|Any CPU.ActiveCfg = Debug|Any CPU
		{BEB08765-7B13-438D-A080-25A48D7ADCEA}.Debug|Any CPU.Build.0 = Debug|Any CPU
		{BEB08765-7B13-438D-A080-25A48D7ADCEA}.Release|Any CPU.ActiveCfg = Release|Any CPU
		{BEB08765-7B13-438D-A080-25A48D7ADCEA}.Release|Any CPU.Build.0 = Release|Any CPU
	EndGlobalSection
	GlobalSection(SolutionProperties) = preSolution
		HideSolutionNode = FALSE
	EndGlobalSection
EndGlobal
